
Microsoft Visual Studio Solution File, Format Version 12.00
# Visual Studio Version 16
VisualStudioVersion = 16.0.30204.135
MinimumVisualStudioVersion = 10.0.40219.1
Project("{FAE04EC0-301F-11D3-BF4B-00C04F79EFBC}") = "LmConnectDemo.Net", "LmConnectDemo\.Net\LmConnectDemo.Net.csproj", "{7B947247-2348-4D56-9FD3-1B8E70282868}"
EndProject
Project("{9A19103F-16F7-4668-BE54-9A1E7A4F7556}") = "LmConnectDemo.NetCore", "LmConnectDemo\.NetCore\LmConnectDemo.NetCore.csproj", "{48CC913A-2616-4F29-AC04-3623DFA8DE83}"
EndProject
Global
	GlobalSection(SolutionConfigurationPlatforms) = preSolution
		Debug|Any CPU = Debug|Any CPU
		Release|Any CPU = Release|Any CPU
	EndGlobalSection
	GlobalSection(ProjectConfigurationPlatforms) = postSolution
		{7B947247-2348-4D56-9FD3-1B8E70282868}.Debug|Any CPU.ActiveCfg = Debug|Any CPU
		{7B947247-2348-4D56-9FD3-1B8E70282868}.Debug|Any CPU.Build.0 = Debug|Any CPU
		{7B947247-2348-4D56-9FD3-1B8E70282868}.Release|Any CPU.ActiveCfg = Release|Any CPU
		{7B947247-2348-4D56-9FD3-1B8E70282868}.Release|Any CPU.Build.0 = Release|Any CPU
		{48CC913A-2616-4F29-AC04-3623DFA8DE83}.Debug|Any CPU.ActiveCfg = Debug|Any CPU
		{48CC913A-2616-4F29-AC04-3623DFA8DE83}.Debug|Any CPU.Build.0 = Debug|Any CPU
		{48CC913A-2616-4F29-AC04-3623DFA8DE83}.Release|Any CPU.ActiveCfg = Release|Any CPU
		{48CC913A-2616-4F29-AC04-3623DFA8DE83}.Release|Any CPU.Build.0 = Release|Any CPU
	EndGlobalSection
	GlobalSection(SolutionProperties) = preSolution
		HideSolutionNode = FALSE
	EndGlobalSection
	GlobalSection(ExtensibilityGlobals) = postSolution
		SolutionGuid = {940D07B5-BE00-471C-863C-370C18049890}
	EndGlobalSection
EndGlobal
